{
  "name": "naturewatch-app",
  "lockfileVersion": 3,
  "requires": true,
  "packages": {
    "": {
      "dependencies": {
        "@mapbox/mapbox-gl-draw": "^1.4.2",
        "@types/mapbox__mapbox-gl-draw": "^1.4.0"
      }
    },
    "node_modules/@mapbox/extent": {
      "version": "0.4.0",
      "resolved": "https://registry.npmjs.org/@mapbox/extent/-/extent-0.4.0.tgz",
      "integrity": "sha512-MSoKw3qPceGuupn04sdaJrFeLKvcSETVLZCGS8JA9x6zXQL3FWiKaIXYIZEDXd5jpXpWlRxinCZIN49yRy0C9A=="
    },
    "node_modules/@mapbox/geojson-area": {
      "version": "0.2.2",
      "resolved": "https://registry.npmjs.org/@mapbox/geojson-area/-/geojson-area-0.2.2.tgz",
      "integrity": "sha512-bBqqFn1kIbLBfn7Yq1PzzwVkPYQr9lVUeT8Dhd0NL5n76PBuXzOcuLV7GOSbEB1ia8qWxH4COCvFpziEu/yReA==",
      "dependencies": {
        "wgs84": "0.0.0"
      }
    },
    "node_modules/@mapbox/geojson-coords": {
      "version": "0.0.2",
      "resolved": "https://registry.npmjs.org/@mapbox/geojson-coords/-/geojson-coords-0.0.2.tgz",
      "integrity": "sha512-YuVzpseee/P1T5BWyeVVPppyfmuXYHFwZHmybkqaMfu4BWlOf2cmMGKj2Rr92MwfSTOCSUA0PAsVGRG8akY0rg==",
      "dependencies": {
        "@mapbox/geojson-normalize": "0.0.1",
        "geojson-flatten": "^1.0.4"
      }
    },
    "node_modules/@mapbox/geojson-extent": {
      "version": "1.0.1",
      "resolved": "https://registry.npmjs.org/@mapbox/geojson-extent/-/geojson-extent-1.0.1.tgz",
      "integrity": "sha512-hh8LEO3djT4fqfr8sSC6wKt+p0TMiu+KOLMBUiFOyj+zGq7+IXwQGl0ppCVDkyzCewyd9LoGe9zAvDxXrLfhLw==",
      "dependencies": {
        "@mapbox/extent": "0.4.0",
        "@mapbox/geojson-coords": "0.0.2",
        "rw": "~0.1.4",
        "traverse": "~0.6.6"
      },
      "bin": {
        "geojson-extent": "bin/geojson-extent"
      }
    },
    "node_modules/@mapbox/geojson-normalize": {
      "version": "0.0.1",
      "resolved": "https://registry.npmjs.org/@mapbox/geojson-normalize/-/geojson-normalize-0.0.1.tgz",
      "integrity": "sha512-82V7YHcle8lhgIGqEWwtXYN5cy0QM/OHq3ypGhQTbvHR57DF0vMHMjjVSQKFfVXBe/yWCBZTyOuzvK7DFFnx5Q==",
      "bin": {
        "geojson-normalize": "geojson-normalize"
      }
    },
    "node_modules/@mapbox/mapbox-gl-draw": {
      "version": "1.4.2",
      "resolved": "https://registry.npmjs.org/@mapbox/mapbox-gl-draw/-/mapbox-gl-draw-1.4.2.tgz",
      "integrity": "sha512-Zvl5YN+tIuYZlzPmuzOgkoJsZX6sHMQsnFI+O3ox8EwYkpLO2w0U2FvVhQuVnq1Yys12x6UnF+0IPoEdBy2UfA==",
      "dependencies": {
        "@mapbox/geojson-area": "^0.2.2",
        "@mapbox/geojson-extent": "^1.0.1",
        "@mapbox/geojson-normalize": "^0.0.1",
        "@mapbox/point-geometry": "^0.1.0",
        "hat": "0.0.3",
        "lodash.isequal": "^4.5.0",
        "xtend": "^4.0.2"
      }
    },
    "node_modules/@mapbox/point-geometry": {
      "version": "0.1.0",
      "resolved": "https://registry.npmjs.org/@mapbox/point-geometry/-/point-geometry-0.1.0.tgz",
      "integrity": "sha512-6j56HdLTwWGO0fJPlrZtdU/B13q8Uwmo18Ck2GnGgN9PCFyKTZ3UbXeEdRFh18i9XQ92eH2VdtpJHpBD3aripQ=="
    },
    "node_modules/@types/geojson": {
      "version": "7946.0.10",
      "resolved": "https://registry.npmjs.org/@types/geojson/-/geojson-7946.0.10.tgz",
      "integrity": "sha512-Nmh0K3iWQJzniTuPRcJn5hxXkfB1T1pgB89SBig5PlJQU5yocazeu4jATJlaA0GYFKWMqDdvYemoSnF2pXgLVA=="
    },
    "node_modules/@types/mapbox__mapbox-gl-draw": {
      "version": "1.4.0",
      "resolved": "https://registry.npmjs.org/@types/mapbox__mapbox-gl-draw/-/mapbox__mapbox-gl-draw-1.4.0.tgz",
      "integrity": "sha512-hcr3NA9Yt3fML6SXaeaQzC6x2ftESob0CrZXR4dUBrZ//SPCU02dGlws3aCXlwqDoQW0mLuK5/UExStJgp0BOg==",
      "dependencies": {
        "@types/geojson": "*",
        "@types/mapbox-gl": "*"
      }
    },
    "node_modules/@types/mapbox-gl": {
      "version": "2.7.13",
      "resolved": "https://registry.npmjs.org/@types/mapbox-gl/-/mapbox-gl-2.7.13.tgz",
      "integrity": "sha512-qNffhTdYkeFl8QG9Q1zPPJmcs8PvHgmLa1PcwP1rxvcfMsIgcFr/FnrCttG0ZnH7Kzdd7xfECSRNTWSr4jC3PQ==",
      "dependencies": {
        "@types/geojson": "*"
      }
    },
    "node_modules/geojson-flatten": {
      "version": "1.1.1",
      "resolved": "https://registry.npmjs.org/geojson-flatten/-/geojson-flatten-1.1.1.tgz",
      "integrity": "sha512-k/6BCd0qAt7vdqdM1LkLfAy72EsLDy0laNwX0x2h49vfYCiQkRc4PSra8DNEdJ10EKRpwEvDXMb0dBknTJuWpQ=="
    },
    "node_modules/hat": {
      "version": "0.0.3",
      "resolved": "https://registry.npmjs.org/hat/-/hat-0.0.3.tgz",
      "integrity": "sha512-zpImx2GoKXy42fVDSEad2BPKuSQdLcqsCYa48K3zHSzM/ugWuYjLDr8IXxpVuL7uCLHw56eaiLxCRthhOzf5ug==",
      "engines": {
        "node": "*"
      }
    },
    "node_modules/lodash.isequal": {
      "version": "4.5.0",
      "resolved": "https://registry.npmjs.org/lodash.isequal/-/lodash.isequal-4.5.0.tgz",
      "integrity": "sha512-pDo3lu8Jhfjqls6GkMgpahsF9kCyayhgykjyLMNFTKWrpVdAQtYyB4muAMWozBB4ig/dtWAmsMxLEI8wuz+DYQ=="
    },
    "node_modules/rw": {
      "version": "0.1.4",
      "resolved": "https://registry.npmjs.org/rw/-/rw-0.1.4.tgz",
      "integrity": "sha512-vSj3D96kMcjNyqPcp65wBRIDImGSrUuMxngNNxvw8MQaO+aQ6llzRPH7XcJy5zrpb3wU++045+Uz/IDIM684iw=="
    },
    "node_modules/traverse": {
      "version": "0.6.7",
      "resolved": "https://registry.npmjs.org/traverse/-/traverse-0.6.7.tgz",
      "integrity": "sha512-/y956gpUo9ZNCb99YjxG7OaslxZWHfCHAUUfshwqOXmxUIvqLjVO581BT+gM59+QV9tFe6/CGG53tsA1Y7RSdg==",
      "funding": {
        "url": "https://github.com/sponsors/ljharb"
      }
    },
    "node_modules/wgs84": {
      "version": "0.0.0",
      "resolved": "https://registry.npmjs.org/wgs84/-/wgs84-0.0.0.tgz",
      "integrity": "sha512-ANHlY4Rb5kHw40D0NJ6moaVfOCMrp9Gpd1R/AIQYg2ko4/jzcJ+TVXYYF6kXJqQwITvEZP4yEthjM7U6rYlljQ=="
    },
    "node_modules/xtend": {
      "version": "4.0.2",
      "resolved": "https://registry.npmjs.org/xtend/-/xtend-4.0.2.tgz",
      "integrity": "sha512-LKYU1iAXJXUgAXn9URjiu+MWhyUXHsvfp7mcuYm9dSUKK0/CjtrUwFAxD82/mCWbtLsGjFIad0wIsod4zrTAEQ==",
      "engines": {
        "node": ">=0.4"
      }
    }
  }
}
