{
  "name": "naturewatch-app",
  "lockfileVersion": 3,
  "requires": true,
  "packages": {
    "node_modules/fflate": {
      "version": "0.4.8",
      "resolved": "https://registry.npmjs.org/fflate/-/fflate-0.4.8.tgz",
      "integrity": "sha512-FJqqoDBR00Mdj9ppamLa/Y7vxm+PRmNWA67N846RvsoYVMKB4q3y/de5PA7gUmRMYK/8CMz2GDZQmCRN1wBcWA=="
    },
    "node_modules/posthog-js": {
      "version": "1.87.6",
      "resolved": "https://registry.npmjs.org/posthog-js/-/posthog-js-1.87.6.tgz",
      "integrity": "sha512-ocVNosPVXViFfdRi1VB5IVGLgTvFerIljJ308v9irQ3MZosuegs6tPFFCOefr6RUmyQF2gI/mDbMZafRoFS+KA==",
      "dependencies": {
        "fflate": "^0.4.1"
      }
    }
  }
}
